
Microsoft Visual Studio Solution File, Format Version 12.00
# Visual Studio 15
VisualStudioVersion = 15.0.28307.779
MinimumVisualStudioVersion = 10.0.40219.1
Project("{00D1A9C2-B5F0-4AF3-8072-F6C62B433612}") = "AzureBuildSampleDB", "AzureBuildSampleDB\AzureBuildSampleDB.sqlproj", "{CDED900E-B244-4096-A867-6A921CCF3A85}"
EndProject
Global
	GlobalSection(SolutionConfigurationPlatforms) = preSolution
		Debug|Any CPU = Debug|Any CPU
		Release|Any CPU = Release|Any CPU
	EndGlobalSection
	GlobalSection(ProjectConfigurationPlatforms) = postSolution
		{CDED900E-B244-4096-A867-6A921CCF3A85}.Debug|Any CPU.ActiveCfg = Debug|Any CPU
		{CDED900E-B244-4096-A867-6A921CCF3A85}.Debug|Any CPU.Build.0 = Debug|Any CPU
		{CDED900E-B244-4096-A867-6A921CCF3A85}.Debug|Any CPU.Deploy.0 = Debug|Any CPU
		{CDED900E-B244-4096-A867-6A921CCF3A85}.Release|Any CPU.ActiveCfg = Release|Any CPU
		{CDED900E-B244-4096-A867-6A921CCF3A85}.Release|Any CPU.Build.0 = Release|Any CPU
		{CDED900E-B244-4096-A867-6A921CCF3A85}.Release|Any CPU.Deploy.0 = Release|Any CPU
	EndGlobalSection
	GlobalSection(SolutionProperties) = preSolution
		HideSolutionNode = FALSE
	EndGlobalSection
	GlobalSection(ExtensibilityGlobals) = postSolution
		SolutionGuid = {12D285B7-DD6C-4025-A68D-7610D0535F88}
	EndGlobalSection
EndGlobal
